
Microsoft Visual Studio Solution File, Format Version 12.00
# Visual Studio Version 16
VisualStudioVersion = 16.0.28803.202
MinimumVisualStudioVersion = 10.0.40219.1
Project("{FAE04EC0-301F-11D3-BF4B-00C04F79EFBC}") = "For Each Loop", "For Each Loop\For Each Loop.csproj", "{A046C34B-21ED-4DB8-A07A-7BB9982034A2}"
EndProject
Global
	GlobalSection(SolutionConfigurationPlatforms) = preSolution
		Debug|Any CPU = Debug|Any CPU
		Release|Any CPU = Release|Any CPU
	EndGlobalSection
	GlobalSection(ProjectConfigurationPlatforms) = postSolution
		{A046C34B-21ED-4DB8-A07A-7BB9982034A2}.Debug|Any CPU.ActiveCfg = Debug|Any CPU
		{A046C34B-21ED-4DB8-A07A-7BB9982034A2}.Debug|Any CPU.Build.0 = Debug|Any CPU
		{A046C34B-21ED-4DB8-A07A-7BB9982034A2}.Release|Any CPU.ActiveCfg = Release|Any CPU
		{A046C34B-21ED-4DB8-A07A-7BB9982034A2}.Release|Any CPU.Build.0 = Release|Any CPU
	EndGlobalSection
	GlobalSection(SolutionProperties) = preSolution
		HideSolutionNode = FALSE
	EndGlobalSection
	GlobalSection(ExtensibilityGlobals) = postSolution
		SolutionGuid = {AEA2510B-C7B9-434A-BE61-7B8E0CA75EEF}
	EndGlobalSection
EndGlobal
