
Microsoft Visual Studio Solution File, Format Version 12.00
# Visual Studio Version 16
VisualStudioVersion = 16.0.28803.202
MinimumVisualStudioVersion = 10.0.40219.1
Project("{FAE04EC0-301F-11D3-BF4B-00C04F79EFBC}") = "Conditions", "Conditions\Conditions.csproj", "{1F2B8165-3A91-413D-BABA-90C47F73368D}"
EndProject
Global
	GlobalSection(SolutionConfigurationPlatforms) = preSolution
		Debug|Any CPU = Debug|Any CPU
		Release|Any CPU = Release|Any CPU
	EndGlobalSection
	GlobalSection(ProjectConfigurationPlatforms) = postSolution
		{1F2B8165-3A91-413D-BABA-90C47F73368D}.Debug|Any CPU.ActiveCfg = Debug|Any CPU
		{1F2B8165-3A91-413D-BABA-90C47F73368D}.Debug|Any CPU.Build.0 = Debug|Any CPU
		{1F2B8165-3A91-413D-BABA-90C47F73368D}.Release|Any CPU.ActiveCfg = Release|Any CPU
		{1F2B8165-3A91-413D-BABA-90C47F73368D}.Release|Any CPU.Build.0 = Release|Any CPU
	EndGlobalSection
	GlobalSection(SolutionProperties) = preSolution
		HideSolutionNode = FALSE
	EndGlobalSection
	GlobalSection(ExtensibilityGlobals) = postSolution
		SolutionGuid = {243EFD7B-657E-4554-B6E2-E7EFD3325899}
	EndGlobalSection
EndGlobal
