
Microsoft Visual Studio Solution File, Format Version 12.00
# Visual Studio Version 16
VisualStudioVersion = 16.0.28803.202
MinimumVisualStudioVersion = 10.0.40219.1
Project("{FAE04EC0-301F-11D3-BF4B-00C04F79EFBC}") = "Challenge - MultipleChoiceQuestions", "Challenge - MultipleChoiceQuestions\Challenge - MultipleChoiceQuestions.csproj", "{B897F57D-0244-4C6F-B9B6-DC60B9C9BAB3}"
EndProject
Global
	GlobalSection(SolutionConfigurationPlatforms) = preSolution
		Debug|Any CPU = Debug|Any CPU
		Release|Any CPU = Release|Any CPU
	EndGlobalSection
	GlobalSection(ProjectConfigurationPlatforms) = postSolution
		{B897F57D-0244-4C6F-B9B6-DC60B9C9BAB3}.Debug|Any CPU.ActiveCfg = Debug|Any CPU
		{B897F57D-0244-4C6F-B9B6-DC60B9C9BAB3}.Debug|Any CPU.Build.0 = Debug|Any CPU
		{B897F57D-0244-4C6F-B9B6-DC60B9C9BAB3}.Release|Any CPU.ActiveCfg = Release|Any CPU
		{B897F57D-0244-4C6F-B9B6-DC60B9C9BAB3}.Release|Any CPU.Build.0 = Release|Any CPU
	EndGlobalSection
	GlobalSection(SolutionProperties) = preSolution
		HideSolutionNode = FALSE
	EndGlobalSection
	GlobalSection(ExtensibilityGlobals) = postSolution
		SolutionGuid = {74E84A34-7615-4E18-B2B9-827F8010EE5D}
	EndGlobalSection
EndGlobal
